// !$*UTF8*$!
{
	archiveVersion = 1;
	classes = {
	};
	objectVersion = 46;
	objects = {

/* Begin PBXBuildFile section */
		27E460E51E41C245007E7B63 /* main.cpp in Sources */ = {isa = PBXBuildFile; fileRef = 27E460E41E41C245007E7B63 /* main.cpp */; };
		27E460F21E41C901007E7B63 /* code.cpp in Sources */ = {isa = PBXBuildFile; fileRef = 27E460F01E41C901007E7B63 /* code.cpp */; };
		27E460F51E41CA47007E7B63 /* response.cpp in Sources */ = {isa = PBXBuildFile; fileRef = 27E460F31E41CA47007E7B63 /* response.cpp */; };
		27E460F81E41CD67007E7B63 /* mastermind.cpp in Sources */ = {isa = PBXBuildFile; fileRef = 27E460F61E41CD67007E7B63 /* mastermind.cpp */; };
/* End PBXBuildFile section */

/* Begin PBXCopyFilesBuildPhase section */
		27E460DF1E41C244007E7B63 /* CopyFiles */ = {
			isa = PBXCopyFilesBuildPhase;
			buildActionMask = 2147483647;
			dstPath = /usr/share/man/man1/;
			dstSubfolderSpec = 0;
			files = (
			);
			runOnlyForDeploymentPostprocessing = 1;
		};
/* End PBXCopyFilesBuildPhase section */

/* Begin PBXFileReference section */
		27E460E11E41C245007E7B63 /* koogav-Poject1b */ = {isa = PBXFileReference; explicitFileType = "compiled.mach-o.executable"; includeInIndex = 0; path = "koogav-Poject1b"; sourceTree = BUILT_PRODUCTS_DIR; };
		27E460E41E41C245007E7B63 /* main.cpp */ = {isa = PBXFileReference; lastKnownFileType = sourcecode.cpp.cpp; path = main.cpp; sourceTree = "<group>"; };
		27E460EF1E41C901007E7B63 /* code.h */ = {isa = PBXFileReference; fileEncoding = 4; lastKnownFileType = sourcecode.c.h; path = code.h; sourceTree = "<group>"; };
		27E460F01E41C901007E7B63 /* code.cpp */ = {isa = PBXFileReference; fileEncoding = 4; lastKnownFileType = sourcecode.cpp.cpp; path = code.cpp; sourceTree = "<group>"; };
		27E460F11E41C901007E7B63 /* d_random.h */ = {isa = PBXFileReference; fileEncoding = 4; lastKnownFileType = sourcecode.c.h; path = d_random.h; sourceTree = "<group>"; };
		27E460F31E41CA47007E7B63 /* response.cpp */ = {isa = PBXFileReference; fileEncoding = 4; lastKnownFileType = sourcecode.cpp.cpp; path = response.cpp; sourceTree = "<group>"; };
		27E460F41E41CA47007E7B63 /* response.h */ = {isa = PBXFileReference; explicitFileType = sourcecode.c.h; fileEncoding = 4; path = response.h; sourceTree = "<group>"; };
		27E460F61E41CD67007E7B63 /* mastermind.cpp */ = {isa = PBXFileReference; fileEncoding = 4; lastKnownFileType = sourcecode.cpp.cpp; path = mastermind.cpp; sourceTree = "<group>"; };
		27E460F71E41CD67007E7B63 /* mastermind.h */ = {isa = PBXFileReference; fileEncoding = 4; lastKnownFileType = sourcecode.c.h; path = mastermind.h; sourceTree = "<group>"; };
/* End PBXFileReference section */

/* Begin PBXFrameworksBuildPhase section */
		27E460DE1E41C244007E7B63 /* Frameworks */ = {
			isa = PBXFrameworksBuildPhase;
			buildActionMask = 2147483647;
			files = (
			);
			runOnlyForDeploymentPostprocessing = 0;
		};
/* End PBXFrameworksBuildPhase section */

/* Begin PBXGroup section */
		27E460D81E41C244007E7B63 = {
			isa = PBXGroup;
			children = (
				27E460E31E41C245007E7B63 /* koogav-Poject1b */,
				27E460E21E41C245007E7B63 /* Products */,
			);
			sourceTree = "<group>";
		};
		27E460E21E41C245007E7B63 /* Products */ = {
			isa = PBXGroup;
			children = (
				27E460E11E41C245007E7B63 /* koogav-Poject1b */,
			);
			name = Products;
			sourceTree = "<group>";
		};
		27E460E31E41C245007E7B63 /* koogav-Poject1b */ = {
			isa = PBXGroup;
			children = (
				27E460EF1E41C901007E7B63 /* code.h */,
				27E460F01E41C901007E7B63 /* code.cpp */,
				27E460F11E41C901007E7B63 /* d_random.h */,
				27E460E41E41C245007E7B63 /* main.cpp */,
				27E460F31E41CA47007E7B63 /* response.cpp */,
				27E460F41E41CA47007E7B63 /* response.h */,
				27E460F61E41CD67007E7B63 /* mastermind.cpp */,
				27E460F71E41CD67007E7B63 /* mastermind.h */,
			);
			path = "koogav-Poject1b";
			sourceTree = "<group>";
		};
/* End PBXGroup section */

/* Begin PBXNativeTarget section */
		27E460E01E41C244007E7B63 /* koogav-Poject1b */ = {
			isa = PBXNativeTarget;
			buildConfigurationList = 27E460E81E41C245007E7B63 /* Build configuration list for PBXNativeTarget "koogav-Poject1b" */;
			buildPhases = (
				27E460DD1E41C244007E7B63 /* Sources */,
				27E460DE1E41C244007E7B63 /* Frameworks */,
				27E460DF1E41C244007E7B63 /* CopyFiles */,
			);
			buildRules = (
			);
			dependencies = (
			);
			name = "koogav-Poject1b";
			productName = "koogav-Poject1b";
			productReference = 27E460E11E41C245007E7B63 /* koogav-Poject1b */;
			productType = "com.apple.product-type.tool";
		};
/* End PBXNativeTarget section */

/* Begin PBXProject section */
		27E460D91E41C244007E7B63 /* Project object */ = {
			isa = PBXProject;
			attributes = {
				LastUpgradeCheck = 0820;
				ORGANIZATIONNAME = "Patricia Gavelek";
				TargetAttributes = {
					27E460E01E41C244007E7B63 = {
						CreatedOnToolsVersion = 8.2.1;
						DevelopmentTeam = CZX83RX4FV;
						ProvisioningStyle = Automatic;
					};
				};
			};
			buildConfigurationList = 27E460DC1E41C244007E7B63 /* Build configuration list for PBXProject "koogav-Poject1b" */;
			compatibilityVersion = "Xcode 3.2";
			developmentRegion = English;
			hasScannedForEncodings = 0;
			knownRegions = (
				en,
			);
			mainGroup = 27E460D81E41C244007E7B63;
			productRefGroup = 27E460E21E41C245007E7B63 /* Products */;
			projectDirPath = "";
			projectRoot = "";
			targets = (
				27E460E01E41C244007E7B63 /* koogav-Poject1b */,
			);
		};
/* End PBXProject section */

/* Begin PBXSourcesBuildPhase section */
		27E460DD1E41C244007E7B63 /* Sources */ = {
			isa = PBXSourcesBuildPhase;
			buildActionMask = 2147483647;
			files = (
				27E460F51E41CA47007E7B63 /* response.cpp in Sources */,
				27E460F21E41C901007E7B63 /* code.cpp in Sources */,
				27E460E51E41C245007E7B63 /* main.cpp in Sources */,
				27E460F81E41CD67007E7B63 /* mastermind.cpp in Sources */,
			);
			runOnlyForDeploymentPostprocessing = 0;
		};
/* End PBXSourcesBuildPhase section */

/* Begin XCBuildConfiguration section */
		27E460E61E41C245007E7B63 /* Debug */ = {
			isa = XCBuildConfiguration;
			buildSettings = {
				ALWAYS_SEARCH_USER_PATHS = NO;
				CLANG_ANALYZER_NONNULL = YES;
				CLANG_CXX_LANGUAGE_STANDARD = "gnu++0x";
				CLANG_CXX_LIBRARY = "libc++";
				CLANG_ENABLE_MODULES = YES;
				CLANG_ENABLE_OBJC_ARC = YES;
				CLANG_WARN_BOOL_CONVERSION = YES;
				CLANG_WARN_CONSTANT_CONVERSION = YES;
				CLANG_WARN_DIRECT_OBJC_ISA_USAGE = YES_ERROR;
				CLANG_WARN_DOCUMENTATION_COMMENTS = YES;
				CLANG_WARN_EMPTY_BODY = YES;
				CLANG_WARN_ENUM_CONVERSION = YES;
				CLANG_WARN_INFINITE_RECURSION = YES;
				CLANG_WARN_INT_CONVERSION = YES;
				CLANG_WARN_OBJC_ROOT_CLASS = YES_ERROR;
				CLANG_WARN_SUSPICIOUS_MOVE = YES;
				CLANG_WARN_UNREACHABLE_CODE = YES;
				CLANG_WARN__DUPLICATE_METHOD_MATCH = YES;
				CODE_SIGN_IDENTITY = "-";
				COPY_PHASE_STRIP = NO;
				DEBUG_INFORMATION_FORMAT = dwarf;
				ENABLE_STRICT_OBJC_MSGSEND = YES;
				ENABLE_TESTABILITY = YES;
				GCC_C_LANGUAGE_STANDARD = gnu99;
				GCC_DYNAMIC_NO_PIC = NO;
				GCC_NO_COMMON_BLOCKS = YES;
				GCC_OPTIMIZATION_LEVEL = 0;
				GCC_PREPROCESSOR_DEFINITIONS = (
					"DEBUG=1",
					"$(inherited)",
				);
				GCC_WARN_64_TO_32_BIT_CONVERSION = YES;
				GCC_WARN_ABOUT_RETURN_TYPE = YES_ERROR;
				GCC_WARN_UNDECLARED_SELECTOR = YES;
				GCC_WARN_UNINITIALIZED_AUTOS = YES_AGGRESSIVE;
				GCC_WARN_UNUSED_FUNCTION = YES;
				GCC_WARN_UNUSED_VARIABLE = YES;
				MACOSX_DEPLOYMENT_TARGET = 10.12;
				MTL_ENABLE_DEBUG_INFO = YES;
				ONLY_ACTIVE_ARCH = YES;
				SDKROOT = macosx;
			};
			name = Debug;
		};
		27E460E71E41C245007E7B63 /* Release */ = {
			isa = XCBuildConfiguration;
			buildSettings = {
				ALWAYS_SEARCH_USER_PATHS = NO;
				CLANG_ANALYZER_NONNULL = YES;
				CLANG_CXX_LANGUAGE_STANDARD = "gnu++0x";
				CLANG_CXX_LIBRARY = "libc++";
				CLANG_ENABLE_MODULES = YES;
				CLANG_ENABLE_OBJC_ARC = YES;
				CLANG_WARN_BOOL_CONVERSION = YES;
				CLANG_WARN_CONSTANT_CONVERSION = YES;
				CLANG_WARN_DIRECT_OBJC_ISA_USAGE = YES_ERROR;
				CLANG_WARN_DOCUMENTATION_COMMENTS = YES;
				CLANG_WARN_EMPTY_BODY = YES;
				CLANG_WARN_ENUM_CONVERSION = YES;
				CLANG_WARN_INFINITE_RECURSION = YES;
				CLANG_WARN_INT_CONVERSION = YES;
				CLANG_WARN_OBJC_ROOT_CLASS = YES_ERROR;
				CLANG_WARN_SUSPICIOUS_MOVE = YES;
				CLANG_WARN_UNREACHABLE_CODE = YES;
				CLANG_WARN__DUPLICATE_METHOD_MATCH = YES;
				CODE_SIGN_IDENTITY = "-";
				COPY_PHASE_STRIP = NO;
				DEBUG_INFORMATION_FORMAT = "dwarf-with-dsym";
				ENABLE_NS_ASSERTIONS = NO;
				ENABLE_STRICT_OBJC_MSGSEND = YES;
				GCC_C_LANGUAGE_STANDARD = gnu99;
				GCC_NO_COMMON_BLOCKS = YES;
				GCC_WARN_64_TO_32_BIT_CONVERSION = YES;
				GCC_WARN_ABOUT_RETURN_TYPE = YES_ERROR;
				GCC_WARN_UNDECLARED_SELECTOR = YES;
				GCC_WARN_UNINITIALIZED_AUTOS = YES_AGGRESSIVE;
				GCC_WARN_UNUSED_FUNCTION = YES;
				GCC_WARN_UNUSED_VARIABLE = YES;
				MACOSX_DEPLOYMENT_TARGET = 10.12;
				MTL_ENABLE_DEBUG_INFO = NO;
				SDKROOT = macosx;
			};
			name = Release;
		};
		27E460E91E41C245007E7B63 /* Debug */ = {
			isa = XCBuildConfiguration;
			buildSettings = {
				DEVELOPMENT_TEAM = CZX83RX4FV;
				PRODUCT_NAME = "$(TARGET_NAME)";
			};
			name = Debug;
		};
		27E460EA1E41C245007E7B63 /* Release */ = {
			isa = XCBuildConfiguration;
			buildSettings = {
				DEVELOPMENT_TEAM = CZX83RX4FV;
				PRODUCT_NAME = "$(TARGET_NAME)";
			};
			name = Release;
		};
/* End XCBuildConfiguration section */

/* Begin XCConfigurationList section */
		27E460DC1E41C244007E7B63 /* Build configuration list for PBXProject "koogav-Poject1b" */ = {
			isa = XCConfigurationList;
			buildConfigurations = (
				27E460E61E41C245007E7B63 /* Debug */,
				27E460E71E41C245007E7B63 /* Release */,
			);
			defaultConfigurationIsVisible = 0;
			defaultConfigurationName = Release;
		};
		27E460E81E41C245007E7B63 /* Build configuration list for PBXNativeTarget "koogav-Poject1b" */ = {
			isa = XCConfigurationList;
			buildConfigurations = (
				27E460E91E41C245007E7B63 /* Debug */,
				27E460EA1E41C245007E7B63 /* Release */,
			);
			defaultConfigurationIsVisible = 0;
		};
/* End XCConfigurationList section */
	};
	rootObject = 27E460D91E41C244007E7B63 /* Project object */;
}
